
Microsoft Visual Studio Solution File, Format Version 12.00
# Visual Studio 15
VisualStudioVersion = 15.0.27703.2000
MinimumVisualStudioVersion = 10.0.40219.1
Project("{9A19103F-16F7-4668-BE54-9A1E7A4F7556}") = "appsvcbuild", "appsvcbuild\appsvcbuild.csproj", "{5550627F-4BA6-4C4A-BE61-720D347FAFC3}"
EndProject
Project("{9A19103F-16F7-4668-BE54-9A1E7A4F7556}") = "appsvcbuildconsole", "appsvcbuildconsole\appsvcbuildconsole.csproj", "{505560D8-1F58-48D0-B129-E5B0775A3D4D}"
EndProject
Project("{9A19103F-16F7-4668-BE54-9A1E7A4F7556}") = "appsvcbuildPR", "appsvcbuildPR\appsvcbuildPR.csproj", "{C30727A2-1592-4DE2-B533-B4BA9F11900F}"
EndProject
Global
	GlobalSection(SolutionConfigurationPlatforms) = preSolution
		Debug|Any CPU = Debug|Any CPU
		Release|Any CPU = Release|Any CPU
	EndGlobalSection
	GlobalSection(ProjectConfigurationPlatforms) = postSolution
		{5550627F-4BA6-4C4A-BE61-720D347FAFC3}.Debug|Any CPU.ActiveCfg = Debug|Any CPU
		{5550627F-4BA6-4C4A-BE61-720D347FAFC3}.Debug|Any CPU.Build.0 = Debug|Any CPU
		{5550627F-4BA6-4C4A-BE61-720D347FAFC3}.Release|Any CPU.ActiveCfg = Release|Any CPU
		{5550627F-4BA6-4C4A-BE61-720D347FAFC3}.Release|Any CPU.Build.0 = Release|Any CPU
		{505560D8-1F58-48D0-B129-E5B0775A3D4D}.Debug|Any CPU.ActiveCfg = Debug|Any CPU
		{505560D8-1F58-48D0-B129-E5B0775A3D4D}.Debug|Any CPU.Build.0 = Debug|Any CPU
		{505560D8-1F58-48D0-B129-E5B0775A3D4D}.Release|Any CPU.ActiveCfg = Release|Any CPU
		{505560D8-1F58-48D0-B129-E5B0775A3D4D}.Release|Any CPU.Build.0 = Release|Any CPU
		{C30727A2-1592-4DE2-B533-B4BA9F11900F}.Debug|Any CPU.ActiveCfg = Debug|Any CPU
		{C30727A2-1592-4DE2-B533-B4BA9F11900F}.Debug|Any CPU.Build.0 = Debug|Any CPU
		{C30727A2-1592-4DE2-B533-B4BA9F11900F}.Release|Any CPU.ActiveCfg = Release|Any CPU
		{C30727A2-1592-4DE2-B533-B4BA9F11900F}.Release|Any CPU.Build.0 = Release|Any CPU
	EndGlobalSection
	GlobalSection(SolutionProperties) = preSolution
		HideSolutionNode = FALSE
	EndGlobalSection
	GlobalSection(ExtensibilityGlobals) = postSolution
		SolutionGuid = {90927109-A687-451F-862D-5BB81F567174}
	EndGlobalSection
EndGlobal
